
Microsoft Visual Studio Solution File, Format Version 12.00
# Visual Studio 15
VisualStudioVersion = 15.0.28307.539
MinimumVisualStudioVersion = 10.0.40219.1
Project("{FAE04EC0-301F-11D3-BF4B-00C04F79EFBC}") = "ChatTranslator", "ChatTranslator\ChatTranslator.csproj", "{B9459094-AD39-4F4A-9273-9EDA3D3C34F2}"
EndProject
Project("{8BC9CEB8-8B4A-11D0-8D11-00A0C91BC942}") = "NativeOperations", "NativeOperations\NativeOperations.vcxproj", "{BBE0E6AC-07C6-4CC6-8473-1D4F7F5D9277}"
EndProject
Global
	GlobalSection(SolutionConfigurationPlatforms) = preSolution
		Debug|Any CPU = Debug|Any CPU
		Debug|x64 = Debug|x64
		Debug|x86 = Debug|x86
		Release|Any CPU = Release|Any CPU
		Release|x64 = Release|x64
		Release|x86 = Release|x86
	EndGlobalSection
	GlobalSection(ProjectConfigurationPlatforms) = postSolution
		{B9459094-AD39-4F4A-9273-9EDA3D3C34F2}.Debug|Any CPU.ActiveCfg = Debug|Any CPU
		{B9459094-AD39-4F4A-9273-9EDA3D3C34F2}.Debug|Any CPU.Build.0 = Debug|Any CPU
		{B9459094-AD39-4F4A-9273-9EDA3D3C34F2}.Debug|x64.ActiveCfg = Debug|x64
		{B9459094-AD39-4F4A-9273-9EDA3D3C34F2}.Debug|x64.Build.0 = Debug|x64
		{B9459094-AD39-4F4A-9273-9EDA3D3C34F2}.Debug|x86.ActiveCfg = Debug|Any CPU
		{B9459094-AD39-4F4A-9273-9EDA3D3C34F2}.Debug|x86.Build.0 = Debug|Any CPU
		{B9459094-AD39-4F4A-9273-9EDA3D3C34F2}.Release|Any CPU.ActiveCfg = Release|Any CPU
		{B9459094-AD39-4F4A-9273-9EDA3D3C34F2}.Release|Any CPU.Build.0 = Release|Any CPU
		{B9459094-AD39-4F4A-9273-9EDA3D3C34F2}.Release|x64.ActiveCfg = Release|x64
		{B9459094-AD39-4F4A-9273-9EDA3D3C34F2}.Release|x64.Build.0 = Release|x64
		{B9459094-AD39-4F4A-9273-9EDA3D3C34F2}.Release|x86.ActiveCfg = Release|Any CPU
		{B9459094-AD39-4F4A-9273-9EDA3D3C34F2}.Release|x86.Build.0 = Release|Any CPU
		{BBE0E6AC-07C6-4CC6-8473-1D4F7F5D9277}.Debug|Any CPU.ActiveCfg = Debug|Win32
		{BBE0E6AC-07C6-4CC6-8473-1D4F7F5D9277}.Debug|x64.ActiveCfg = Debug|x64
		{BBE0E6AC-07C6-4CC6-8473-1D4F7F5D9277}.Debug|x64.Build.0 = Debug|x64
		{BBE0E6AC-07C6-4CC6-8473-1D4F7F5D9277}.Debug|x86.ActiveCfg = Debug|Win32
		{BBE0E6AC-07C6-4CC6-8473-1D4F7F5D9277}.Debug|x86.Build.0 = Debug|Win32
		{BBE0E6AC-07C6-4CC6-8473-1D4F7F5D9277}.Release|Any CPU.ActiveCfg = Release|Win32
		{BBE0E6AC-07C6-4CC6-8473-1D4F7F5D9277}.Release|x64.ActiveCfg = Release|x64
		{BBE0E6AC-07C6-4CC6-8473-1D4F7F5D9277}.Release|x64.Build.0 = Release|x64
		{BBE0E6AC-07C6-4CC6-8473-1D4F7F5D9277}.Release|x86.ActiveCfg = Release|Win32
		{BBE0E6AC-07C6-4CC6-8473-1D4F7F5D9277}.Release|x86.Build.0 = Release|Win32
	EndGlobalSection
	GlobalSection(SolutionProperties) = preSolution
		HideSolutionNode = FALSE
	EndGlobalSection
	GlobalSection(ExtensibilityGlobals) = postSolution
		SolutionGuid = {24457CE5-3EA3-46A7-86DB-BFC0873E976B}
	EndGlobalSection
EndGlobal
