<?xml version="1.0" encoding="utf-8"?>
<Project ToolsVersion="4.0" xmlns="http://schemas.microsoft.com/developer/msbuild/2003">
  <ItemGroup>
    <Filter Include="소스 파일">
      <UniqueIdentifier>{4FC737F1-C7A5-4376-A066-2A32D752A2FF}</UniqueIdentifier>
      <Extensions>cpp;c;cc;cxx;def;odl;idl;hpj;bat;asm;asmx</Extensions>
    </Filter>
    <Filter Include="리소스 파일">
      <UniqueIdentifier>{67DA6AB6-F800-4c08-8B7A-83BB121AAD01}</UniqueIdentifier>
      <Extensions>rc;ico;cur;bmp;dlg;rc2;rct;bin;rgs;gif;jpg;jpeg;jpe;resx;tiff;tif;png;wav;mfcribbon-ms</Extensions>
    </Filter>
    <Filter Include="소스 파일\FFXIV">
      <UniqueIdentifier>{9d0cce25-d4b6-4e80-872c-aa6bc7a1d54f}</UniqueIdentifier>
    </Filter>
    <Filter Include="소스 파일\Utils">
      <UniqueIdentifier>{753013d8-fb58-471f-85fc-c8e6cd9c9bf3}</UniqueIdentifier>
    </Filter>
    <Filter Include="헤더 파일">
      <UniqueIdentifier>{93995380-89BD-4b04-88EB-625FBE52EBFB}</UniqueIdentifier>
      <Extensions>h;hh;hpp;hxx;hm;inl;inc;ipp;xsd</Extensions>
    </Filter>
    <Filter Include="헤더 파일\WindowsApiWrapper">
      <UniqueIdentifier>{2c2b8d4b-3bd2-4752-81b0-4a531095158d}</UniqueIdentifier>
    </Filter>
    <Filter Include="헤더 파일\FFXIV">
      <UniqueIdentifier>{9cde2b7b-16b6-44f8-84a6-f6fe012b97f5}</UniqueIdentifier>
    </Filter>
    <Filter Include="헤더 파일\Utils">
      <UniqueIdentifier>{c6c133e5-cc9b-47e6-a23c-ea4215ff2b68}</UniqueIdentifier>
    </Filter>
  </ItemGroup>
  <ItemGroup>
    <ClInclude Include="stdafx.h">
      <Filter>헤더 파일</Filter>
    </ClInclude>
    <ClInclude Include="UniqueHandle.h">
      <Filter>헤더 파일\WindowsApiWrapper</Filter>
    </ClInclude>
    <ClInclude Include="WindowsError.h">
      <Filter>헤더 파일\WindowsApiWrapper</Filter>
    </ClInclude>
    <ClInclude Include="NativeOperations.h">
      <Filter>헤더 파일</Filter>
    </ClInclude>
    <ClInclude Include="DllErrorCode.h">
      <Filter>헤더 파일</Filter>
    </ClInclude>
    <ClInclude Include="Constants.h">
      <Filter>헤더 파일\FFXIV</Filter>
    </ClInclude>
    <ClInclude Include="ProcessHelper.h">
      <Filter>헤더 파일\Utils</Filter>
    </ClInclude>
    <ClInclude Include="Macro.h">
      <Filter>헤더 파일\FFXIV</Filter>
    </ClInclude>
    <ClInclude Include="DllException.h">
      <Filter>헤더 파일</Filter>
    </ClInclude>
    <ClInclude Include="MemoryUtilsDeclaration.h">
      <Filter>헤더 파일\Utils</Filter>
    </ClInclude>
    <ClInclude Include="MemoryUtils.h">
      <Filter>헤더 파일\Utils</Filter>
    </ClInclude>
    <ClInclude Include="targetver.h">
      <Filter>헤더 파일</Filter>
    </ClInclude>
    <ClInclude Include="BreakPointManager.h">
      <Filter>헤더 파일\Utils</Filter>
    </ClInclude>
    <ClInclude Include="CaseInsensitiveWCharTraits.h">
      <Filter>헤더 파일</Filter>
    </ClInclude>
    <ClInclude Include="ModuleUtils.h">
      <Filter>헤더 파일\Utils</Filter>
    </ClInclude>
  </ItemGroup>
  <ItemGroup>
    <ClCompile Include="stdafx.cpp">
      <Filter>소스 파일</Filter>
    </ClCompile>
    <ClCompile Include="NativeOperations.cpp">
      <Filter>소스 파일</Filter>
    </ClCompile>
    <ClCompile Include="dllmain.cpp">
      <Filter>소스 파일</Filter>
    </ClCompile>
    <ClCompile Include="Macro.cpp">
      <Filter>소스 파일\FFXIV</Filter>
    </ClCompile>
    <ClCompile Include="MemoryUtils.cpp">
      <Filter>소스 파일\Utils</Filter>
    </ClCompile>
    <ClCompile Include="ProcessHelper.cpp">
      <Filter>소스 파일\Utils</Filter>
    </ClCompile>
    <ClCompile Include="ModuleUtils.cpp">
      <Filter>소스 파일\Utils</Filter>
    </ClCompile>
    <ClCompile Include="BreakPointManager.cpp">
      <Filter>소스 파일\Utils</Filter>
    </ClCompile>
  </ItemGroup>
</Project>